
Microsoft Visual Studio Solution File, Format Version 12.00
# Visual Studio Version 17
VisualStudioVersion = 17.10.35004.147
MinimumVisualStudioVersion = 10.0.40219.1
Project("{888888A0-9F3D-457C-B088-3A5042F75D52}") = "New_task", "New_task\New_task.pyproj", "{65F27803-6864-4B66-8F56-274F0614CEF2}"
EndProject
Global
	GlobalSection(SolutionConfigurationPlatforms) = preSolution
		Debug|Any CPU = Debug|Any CPU
		Release|Any CPU = Release|Any CPU
	EndGlobalSection
	GlobalSection(ProjectConfigurationPlatforms) = postSolution
		{65F27803-6864-4B66-8F56-274F0614CEF2}.Debug|Any CPU.ActiveCfg = Debug|Any CPU
		{65F27803-6864-4B66-8F56-274F0614CEF2}.Release|Any CPU.ActiveCfg = Release|Any CPU
	EndGlobalSection
	GlobalSection(SolutionProperties) = preSolution
		HideSolutionNode = FALSE
	EndGlobalSection
	GlobalSection(ExtensibilityGlobals) = postSolution
		SolutionGuid = {166CD4A1-09C5-40A2-82B7-817A9DF01C47}
	EndGlobalSection
EndGlobal
